
Microsoft Visual Studio Solution File, Format Version 12.00
# Visual Studio 14
VisualStudioVersion = 14.0.25420.1
MinimumVisualStudioVersion = 10.0.40219.1
Project("{FAE04EC0-301F-11D3-BF4B-00C04F79EFBC}") = "Inversions", "Inversions\Inversions.csproj", "{1CF43466-10C0-4ECF-ABA6-72718F79068F}"
EndProject
Global
	GlobalSection(SolutionConfigurationPlatforms) = preSolution
		Debug|Any CPU = Debug|Any CPU
		Release|Any CPU = Release|Any CPU
	EndGlobalSection
	GlobalSection(ProjectConfigurationPlatforms) = postSolution
		{1CF43466-10C0-4ECF-ABA6-72718F79068F}.Debug|Any CPU.ActiveCfg = Debug|Any CPU
		{1CF43466-10C0-4ECF-ABA6-72718F79068F}.Debug|Any CPU.Build.0 = Debug|Any CPU
		{1CF43466-10C0-4ECF-ABA6-72718F79068F}.Release|Any CPU.ActiveCfg = Release|Any CPU
		{1CF43466-10C0-4ECF-ABA6-72718F79068F}.Release|Any CPU.Build.0 = Release|Any CPU
	EndGlobalSection
	GlobalSection(SolutionProperties) = preSolution
		HideSolutionNode = FALSE
	EndGlobalSection
EndGlobal
